{
  "version": 4,
  "terraform_version": "1.2.4",
  "serial": 62,
  "lineage": "4551372e-36f0-ce75-d89c-59d40469bf6c",
  "outputs": {
    "kubernetes_cluster_host": {
      "value": "34.81.8.136",
      "type": "string"
    },
    "kubernetes_cluster_name": {
      "value": "vivid-rush-227416-gke",
      "type": "string"
    },
    "project_id": {
      "value": "vivid-rush-227416",
      "type": "string"
    },
    "region": {
      "value": "asia-east1",
      "type": "string"
    }
  },
  "resources": [
    {
      "mode": "managed",
      "type": "google_compute_network",
      "name": "vpc",
      "provider": "provider[\"registry.terraform.io/hashicorp/google\"]",
      "instances": [
        {
          "schema_version": 0,
          "attributes": {
            "auto_create_subnetworks": false,
            "delete_default_routes_on_create": false,
            "description": "",
            "gateway_ipv4": "",
            "id": "projects/vivid-rush-227416/global/networks/vivid-rush-227416-vpc",
            "mtu": 0,
            "name": "vivid-rush-227416-vpc",
            "project": "vivid-rush-227416",
            "routing_mode": "REGIONAL",
            "self_link": "https://www.googleapis.com/compute/v1/projects/vivid-rush-227416/global/networks/vivid-rush-227416-vpc",
            "timeouts": null
          },
          "sensitive_attributes": [],
          "private": "eyJlMmJmYjczMC1lY2FhLTExZTYtOGY4OC0zNDM2M2JjN2M0YzAiOnsiY3JlYXRlIjoyNDAwMDAwMDAwMDAsImRlbGV0ZSI6MjQwMDAwMDAwMDAwLCJ1cGRhdGUiOjI0MDAwMDAwMDAwMH19"
        }
      ]
    },
    {
      "mode": "managed",
      "type": "google_compute_subnetwork",
      "name": "subnet",
      "provider": "provider[\"registry.terraform.io/hashicorp/google\"]",
      "instances": [
        {
          "schema_version": 0,
          "attributes": {
            "creation_timestamp": "2022-07-11T14:27:07.120-07:00",
            "description": "",
            "fingerprint": null,
            "gateway_address": "10.10.0.1",
            "id": "projects/vivid-rush-227416/regions/asia-east1/subnetworks/vivid-rush-227416-subnet",
            "ip_cidr_range": "10.10.0.0/24",
            "log_config": [],
            "name": "vivid-rush-227416-subnet",
            "network": "https://www.googleapis.com/compute/v1/projects/vivid-rush-227416/global/networks/vivid-rush-227416-vpc",
            "private_ip_google_access": false,
            "private_ipv6_google_access": "DISABLE_GOOGLE_ACCESS",
            "project": "vivid-rush-227416",
            "region": "asia-east1",
            "secondary_ip_range": [
              {
                "ip_cidr_range": "10.212.0.0/14",
                "range_name": "gke-vivid-rush-227416-gke-pods-44357e22"
              },
              {
                "ip_cidr_range": "10.216.0.0/20",
                "range_name": "gke-vivid-rush-227416-gke-services-44357e22"
              }
            ],
            "self_link": "https://www.googleapis.com/compute/v1/projects/vivid-rush-227416/regions/asia-east1/subnetworks/vivid-rush-227416-subnet",
            "timeouts": null
          },
          "sensitive_attributes": [],
          "private": "eyJlMmJmYjczMC1lY2FhLTExZTYtOGY4OC0zNDM2M2JjN2M0YzAiOnsiY3JlYXRlIjozNjAwMDAwMDAwMDAsImRlbGV0ZSI6MzYwMDAwMDAwMDAwLCJ1cGRhdGUiOjM2MDAwMDAwMDAwMH19",
          "dependencies": [
            "google_compute_network.vpc"
          ]
        }
      ]
    },
    {
      "mode": "managed",
      "type": "google_container_cluster",
      "name": "primary",
      "provider": "provider[\"registry.terraform.io/hashicorp/google\"]",
      "instances": [
        {
          "schema_version": 1,
          "attributes": {
            "addons_config": [
              {
                "cloudrun_config": [],
                "horizontal_pod_autoscaling": [],
                "http_load_balancing": [],
                "network_policy_config": [
                  {
                    "disabled": true
                  }
                ]
              }
            ],
            "authenticator_groups_config": [],
            "cluster_autoscaling": [
              {
                "auto_provisioning_defaults": [],
                "enabled": false,
                "resource_limits": []
              }
            ],
            "cluster_ipv4_cidr": "10.212.0.0/14",
            "database_encryption": [
              {
                "key_name": "",
                "state": "DECRYPTED"
              }
            ],
            "default_max_pods_per_node": 110,
            "description": "",
            "enable_binary_authorization": false,
            "enable_intranode_visibility": null,
            "enable_kubernetes_alpha": false,
            "enable_legacy_abac": false,
            "enable_shielded_nodes": false,
            "enable_tpu": null,
            "endpoint": "34.81.8.136",
            "id": "projects/vivid-rush-227416/locations/asia-east1-b/clusters/vivid-rush-227416-gke",
            "initial_node_count": 1,
            "instance_group_urls": [],
            "ip_allocation_policy": [
              {
                "cluster_ipv4_cidr_block": "10.212.0.0/14",
                "cluster_secondary_range_name": "gke-vivid-rush-227416-gke-pods-46f5eaa8",
                "services_ipv4_cidr_block": "10.216.0.0/20",
                "services_secondary_range_name": "gke-vivid-rush-227416-gke-services-46f5eaa8"
              }
            ],
            "label_fingerprint": "a9dc16a7",
            "location": "asia-east1-b",
            "logging_service": "logging.googleapis.com/kubernetes",
            "maintenance_policy": [],
            "master_auth": [
              {
                "client_certificate": "",
                "client_certificate_config": [
                  {
                    "issue_client_certificate": false
                  }
                ],
                "client_key": "",
                "cluster_ca_certificate": "LS0tLS1CRUdJTiBDRVJUSUZJQ0FURS0tLS0tCk1JSUVMRENDQXBTZ0F3SUJBZ0lRUmJCanllNm1iNHNJdWxKRWs2N2VEVEFOQmdrcWhraUc5dzBCQVFzRkFEQXYKTVMwd0t3WURWUVFERXlSaU1qSmtaREprWWkwMFpUbG1MVFJpT1dJdE9EUm1OUzFoWW1Vd1pXVTRZbUV6TURNdwpJQmNOTWpJd056RXpNakF6TnpJd1doZ1BNakExTWpBM01EVXlNVE0zTWpCYU1DOHhMVEFyQmdOVkJBTVRKR0l5Ck1tUmtNbVJpTFRSbE9XWXROR0k1WWkwNE5HWTFMV0ZpWlRCbFpUaGlZVE13TXpDQ0FhSXdEUVlKS29aSWh2Y04KQVFFQkJRQURnZ0dQQURDQ0FZb0NnZ0dCQVBSbzBLTHpWWDFPNEc1ZHAyMVVqYmthaHQ1QlpFaVhseUx1ZkhmMApXb3RoWHYxc3NEbzVobW13NE1qQTJKSEh0U2s3eURjR3ZuU3dZRzNBdGdISTZKZm5JNVgrdy9VQWdPa2loZ25yClJSb1BwYlBhbzVrMWxERlAreElobS9rSmVCaEtSUytMMWlXVWR5VEtiMkRGY2l0RFFYenBrUllEVVB3WWxNR3gKWE5vakk4SDdvTDJiSWJ0UFc0eXNuZ2I2cHI0bGVtZ0lqdXB3UlBiUlh1dEt5NnlsZ2w5SGhlRDMyMUpNNzFMUgorT1BiMnFnY1dMR2E1dFZOcGVnN0M2MVg0QWhYVXlDclpTanJobWIybzdNMFlkZTY2ZHdFc3cxcmhrbTkxbDlxCk9rV3JvZjh6Ylh5ajFjS1lzV1lhdC9NQlZOd1pFbllCREhlL2lWejZsSTY3bFlqS0U4M0p5MzF5M1dObXU5eEQKbzZBNzJvYzFYeDhXanF0N0xJekE0ZEJ4aU8xZE1RZkhFclpHRCticlROa0l3VWpxT3BIcjhGZkV6ejE1SXZsRgpyL3phV3FWV3AzdFlSeDRFaHF0VHB4bjdBbVZiM3JMaXNFd2RYYWxMNnZTS2N4bWtSR21Tc1lTV0FJNmltSUZrCjR6UExMQ3pKUnBUa1JGdVlqcUNvbGJhTUNRSURBUUFCbzBJd1FEQU9CZ05WSFE4QkFmOEVCQU1DQWdRd0R3WUQKVlIwVEFRSC9CQVV3QXdFQi96QWRCZ05WSFE0RUZnUVU3U2tubGtjblpPVXVFaE1NUmR2WU5uYmx1R013RFFZSgpLb1pJaHZjTkFRRUxCUUFEZ2dHQkFDbVdWYUNRaHNWcFlWQkNabVhIUzZyaWRPUXpPTzVXN2w5RFVYbk9LclJxClpjaHU4VmZXd1haQ2N2L0EvRnRGSWFiNnZJK3EzTUh6aDd5SU96RUtWLzZtaGxRcDNvcnRzZWIxdUlHTkdrdnEKK29uNzlXbXBBNUQxOFVPZGR0OG5LVEhFWjJvaklRMnd6V2t6dHJuZVlYeExnQ0UvUXJPbE9JVmRlbTdCNnpRYQpZWld0ZlNRczFGdDhHdzZJMzJnRUx5SzBFR0hITWFiRGt5OEZuWkhhQ2x0bUVMUUVPYWUza0pZTGFvZ1pGNHRaCjUrU0pKUjZJSDVpT2l2Z0VSdDkzK1EvY2RnRnBRRlQyQ0dpZ25BeVkzVHRTN0g0d00yWUZIZE5BRm1mYXMrS2gKeEZkcENxWDhEWVBaZWJqT09CdVp5Q3JCbXNaWFliM0tQQmpjUU5NbzRsK1p6TUFaS2xYWUhHUm9iME1oZWxCWApuamJyRjFWVTdFMEVLM0Vpd2pvYTdJTUxLT2NTUUVkRUFUZ2NucGNycFQ0bDR6c21FT0txTHJ0TVAyNGNDWnZ3CnpYVVozRTZSOG1BL0wycDRUampveWJEQ1Nrb1lUdk90Z2xad09jeTFZUktNMVVHS2xqM1BUSVp1b09oeE5uR0MKc3R2NmhQZkxwTk5waFdHNFh3eFRLZz09Ci0tLS0tRU5EIENFUlRJRklDQVRFLS0tLS0K",
                "password": "",
                "username": ""
              }
            ],
            "master_authorized_networks_config": [],
            "master_version": "1.22.8-gke.202",
            "min_master_version": null,
            "monitoring_service": "monitoring.googleapis.com/kubernetes",
            "name": "vivid-rush-227416-gke",
            "network": "projects/vivid-rush-227416/global/networks/vivid-rush-227416-vpc",
            "network_policy": [
              {
                "enabled": false,
                "provider": "PROVIDER_UNSPECIFIED"
              }
            ],
            "node_config": [],
            "node_locations": [],
            "node_pool": [],
            "node_version": "1.22.8-gke.202",
            "operation": null,
            "pod_security_policy_config": [],
            "private_cluster_config": [],
            "project": "vivid-rush-227416",
            "release_channel": [
              {
                "channel": "REGULAR"
              }
            ],
            "remove_default_node_pool": true,
            "resource_labels": null,
            "resource_usage_export_config": [],
            "self_link": "https://container.googleapis.com/v1beta1/projects/vivid-rush-227416/zones/asia-east1-b/clusters/vivid-rush-227416-gke",
            "services_ipv4_cidr": "10.216.0.0/20",
            "subnetwork": "projects/vivid-rush-227416/regions/asia-east1/subnetworks/vivid-rush-227416-subnet",
            "timeouts": null,
            "vertical_pod_autoscaling": [],
            "workload_identity_config": []
          },
          "sensitive_attributes": [],
          "private": "eyJlMmJmYjczMC1lY2FhLTExZTYtOGY4OC0zNDM2M2JjN2M0YzAiOnsiY3JlYXRlIjoyNDAwMDAwMDAwMDAwLCJkZWxldGUiOjI0MDAwMDAwMDAwMDAsInJlYWQiOjI0MDAwMDAwMDAwMDAsInVwZGF0ZSI6MzYwMDAwMDAwMDAwMH0sInNjaGVtYV92ZXJzaW9uIjoiMSJ9",
          "dependencies": [
            "google_compute_network.vpc",
            "google_compute_subnetwork.subnet"
          ]
        }
      ]
    },
    {
      "mode": "managed",
      "type": "google_container_node_pool",
      "name": "primary_nodes",
      "provider": "provider[\"registry.terraform.io/hashicorp/google\"]",
      "instances": [
        {
          "schema_version": 1,
          "attributes": {
            "autoscaling": [],
            "cluster": "vivid-rush-227416-gke",
            "id": "projects/vivid-rush-227416/locations/asia-east1-b/clusters/vivid-rush-227416-gke/nodePools/vivid-rush-227416-gke-node-pool",
            "initial_node_count": 2,
            "instance_group_urls": [
              "https://www.googleapis.com/compute/v1/projects/vivid-rush-227416/zones/asia-east1-b/instanceGroupManagers/gke-vivid-rush-22741-vivid-rush-22741-fef5cd7c-grp"
            ],
            "location": "asia-east1-b",
            "management": [
              {
                "auto_repair": true,
                "auto_upgrade": true
              }
            ],
            "max_pods_per_node": 110,
            "name": "vivid-rush-227416-gke-node-pool",
            "name_prefix": "",
            "node_config": [
              {
                "disk_size_gb": 100,
                "disk_type": "pd-standard",
                "guest_accelerator": [],
                "image_type": "COS_CONTAINERD",
                "labels": {
                  "env": "vivid-rush-227416"
                },
                "local_ssd_count": 0,
                "machine_type": "n1-standard-1",
                "metadata": {
                  "disable-legacy-endpoints": "true"
                },
                "min_cpu_platform": "",
                "oauth_scopes": [
                  "https://www.googleapis.com/auth/logging.write",
                  "https://www.googleapis.com/auth/monitoring"
                ],
                "preemptible": false,
                "service_account": "default",
                "shielded_instance_config": [
                  {
                    "enable_integrity_monitoring": true,
                    "enable_secure_boot": false
                  }
                ],
                "tags": [
                  "gke-node",
                  "vivid-rush-227416-gke"
                ],
                "taint": [],
                "workload_metadata_config": []
              }
            ],
            "node_count": 2,
            "node_locations": [
              "asia-east1-b"
            ],
            "project": "vivid-rush-227416",
            "timeouts": null,
            "upgrade_settings": [
              {
                "max_surge": 1,
                "max_unavailable": 0
              }
            ],
            "version": "1.22.8-gke.202"
          },
          "sensitive_attributes": [],
          "private": "eyJlMmJmYjczMC1lY2FhLTExZTYtOGY4OC0zNDM2M2JjN2M0YzAiOnsiY3JlYXRlIjoxODAwMDAwMDAwMDAwLCJkZWxldGUiOjE4MDAwMDAwMDAwMDAsInVwZGF0ZSI6MTgwMDAwMDAwMDAwMH0sInNjaGVtYV92ZXJzaW9uIjoiMSJ9",
          "dependencies": [
            "google_compute_network.vpc",
            "google_compute_subnetwork.subnet",
            "google_container_cluster.primary"
          ]
        }
      ]
    }
  ]
}
